
Microsoft Visual Studio Solution File, Format Version 12.00
# Visual Studio Version 16
VisualStudioVersion = 16.0.31321.278
MinimumVisualStudioVersion = 10.0.40219.1
Project("{9A19103F-16F7-4668-BE54-9A1E7A4F7556}") = "WpfControls.Core", "Core\WpfControls.Core.csproj", "{19E3E17A-8AED-40C5-AD92-1B4657A36070}"
EndProject
Project("{9A19103F-16F7-4668-BE54-9A1E7A4F7556}") = "WpfControls.NumericUpDown", "NumericUpDown\WpfControls.NumericUpDown.csproj", "{CF8EC335-D030-4CCF-8A6C-449D42255409}"
EndProject
Project("{9A19103F-16F7-4668-BE54-9A1E7A4F7556}") = "WpfControls.ColorPicker", "ColorPicker\WpfControls.ColorPicker.csproj", "{E7520450-9EA9-434B-B60C-2D1BE99076CA}"
EndProject
Project("{9A19103F-16F7-4668-BE54-9A1E7A4F7556}") = "WpfControls.Viewport", "Viewport\WpfControls.Viewport.csproj", "{764AC24B-4E0B-4DF5-9145-FD33E9E1A2A6}"
EndProject
Global
	GlobalSection(SolutionConfigurationPlatforms) = preSolution
		Debug|Any CPU = Debug|Any CPU
		Release|Any CPU = Release|Any CPU
	EndGlobalSection
	GlobalSection(ProjectConfigurationPlatforms) = postSolution
		{19E3E17A-8AED-40C5-AD92-1B4657A36070}.Debug|Any CPU.ActiveCfg = Debug|Any CPU
		{19E3E17A-8AED-40C5-AD92-1B4657A36070}.Debug|Any CPU.Build.0 = Debug|Any CPU
		{19E3E17A-8AED-40C5-AD92-1B4657A36070}.Release|Any CPU.ActiveCfg = Release|Any CPU
		{19E3E17A-8AED-40C5-AD92-1B4657A36070}.Release|Any CPU.Build.0 = Release|Any CPU
		{CF8EC335-D030-4CCF-8A6C-449D42255409}.Debug|Any CPU.ActiveCfg = Debug|Any CPU
		{CF8EC335-D030-4CCF-8A6C-449D42255409}.Debug|Any CPU.Build.0 = Debug|Any CPU
		{CF8EC335-D030-4CCF-8A6C-449D42255409}.Release|Any CPU.ActiveCfg = Release|Any CPU
		{CF8EC335-D030-4CCF-8A6C-449D42255409}.Release|Any CPU.Build.0 = Release|Any CPU
		{E7520450-9EA9-434B-B60C-2D1BE99076CA}.Debug|Any CPU.ActiveCfg = Debug|Any CPU
		{E7520450-9EA9-434B-B60C-2D1BE99076CA}.Debug|Any CPU.Build.0 = Debug|Any CPU
		{E7520450-9EA9-434B-B60C-2D1BE99076CA}.Release|Any CPU.ActiveCfg = Release|Any CPU
		{E7520450-9EA9-434B-B60C-2D1BE99076CA}.Release|Any CPU.Build.0 = Release|Any CPU
		{764AC24B-4E0B-4DF5-9145-FD33E9E1A2A6}.Debug|Any CPU.ActiveCfg = Debug|Any CPU
		{764AC24B-4E0B-4DF5-9145-FD33E9E1A2A6}.Debug|Any CPU.Build.0 = Debug|Any CPU
		{764AC24B-4E0B-4DF5-9145-FD33E9E1A2A6}.Release|Any CPU.ActiveCfg = Release|Any CPU
		{764AC24B-4E0B-4DF5-9145-FD33E9E1A2A6}.Release|Any CPU.Build.0 = Release|Any CPU
	EndGlobalSection
	GlobalSection(SolutionProperties) = preSolution
		HideSolutionNode = FALSE
	EndGlobalSection
	GlobalSection(ExtensibilityGlobals) = postSolution
		SolutionGuid = {35CFC06B-DFF4-4DBA-B237-0BC8747475E2}
	EndGlobalSection
EndGlobal
